
Microsoft Visual Studio Solution File, Format Version 12.00
# Visual Studio 15
VisualStudioVersion = 15.0.28307.271
MinimumVisualStudioVersion = 10.0.40219.1
Project("{2150E333-8FDC-42A3-9474-1A3956D46DE8}") = "Solution Items", "Solution Items", "{6178FC6C-E55B-4E18-8D92-B2E81AA6CBBA}"
	ProjectSection(SolutionItems) = preProject
		.gitignore = .gitignore
	EndProjectSection
EndProject
Project("{9A19103F-16F7-4668-BE54-9A1E7A4F7556}") = "GoogleSheets", "GoogleSheets\GoogleSheets.csproj", "{3A3EC86C-E7E2-464F-BFCB-AAE2317BADCA}"
EndProject
Project("{9A19103F-16F7-4668-BE54-9A1E7A4F7556}") = "GoogleSheets.Tests", "GoogleSheets.Tests\GoogleSheets.Tests.csproj", "{0CDDDCF6-A51D-4086-B724-38429E144A61}"
EndProject
Project("{9A19103F-16F7-4668-BE54-9A1E7A4F7556}") = "ChessScoreboard.Net.Core", "ChessScoreboard.Net.Core\ChessScoreboard.Net.Core.csproj", "{7E83F340-27A2-4C43-BED4-0AA5F73FF7CC}"
EndProject
Project("{9A19103F-16F7-4668-BE54-9A1E7A4F7556}") = "ChessScoreboard.Net.Desktop", "ChessScoreboard.Net.Desktop\ChessScoreboard.Net.Desktop.csproj", "{395548AD-666A-4882-AE0A-976B46550285}"
EndProject
Global
	GlobalSection(SolutionConfigurationPlatforms) = preSolution
		Debug|Any CPU = Debug|Any CPU
		Release|Any CPU = Release|Any CPU
	EndGlobalSection
	GlobalSection(ProjectConfigurationPlatforms) = postSolution
		{3A3EC86C-E7E2-464F-BFCB-AAE2317BADCA}.Debug|Any CPU.ActiveCfg = Debug|Any CPU
		{3A3EC86C-E7E2-464F-BFCB-AAE2317BADCA}.Debug|Any CPU.Build.0 = Debug|Any CPU
		{3A3EC86C-E7E2-464F-BFCB-AAE2317BADCA}.Release|Any CPU.ActiveCfg = Release|Any CPU
		{3A3EC86C-E7E2-464F-BFCB-AAE2317BADCA}.Release|Any CPU.Build.0 = Release|Any CPU
		{0CDDDCF6-A51D-4086-B724-38429E144A61}.Debug|Any CPU.ActiveCfg = Debug|Any CPU
		{0CDDDCF6-A51D-4086-B724-38429E144A61}.Debug|Any CPU.Build.0 = Debug|Any CPU
		{0CDDDCF6-A51D-4086-B724-38429E144A61}.Release|Any CPU.ActiveCfg = Release|Any CPU
		{0CDDDCF6-A51D-4086-B724-38429E144A61}.Release|Any CPU.Build.0 = Release|Any CPU
		{7E83F340-27A2-4C43-BED4-0AA5F73FF7CC}.Debug|Any CPU.ActiveCfg = Debug|Any CPU
		{7E83F340-27A2-4C43-BED4-0AA5F73FF7CC}.Debug|Any CPU.Build.0 = Debug|Any CPU
		{7E83F340-27A2-4C43-BED4-0AA5F73FF7CC}.Release|Any CPU.ActiveCfg = Release|Any CPU
		{7E83F340-27A2-4C43-BED4-0AA5F73FF7CC}.Release|Any CPU.Build.0 = Release|Any CPU
		{395548AD-666A-4882-AE0A-976B46550285}.Debug|Any CPU.ActiveCfg = Debug|Any CPU
		{395548AD-666A-4882-AE0A-976B46550285}.Debug|Any CPU.Build.0 = Debug|Any CPU
		{395548AD-666A-4882-AE0A-976B46550285}.Release|Any CPU.ActiveCfg = Release|Any CPU
		{395548AD-666A-4882-AE0A-976B46550285}.Release|Any CPU.Build.0 = Release|Any CPU
	EndGlobalSection
	GlobalSection(SolutionProperties) = preSolution
		HideSolutionNode = FALSE
	EndGlobalSection
	GlobalSection(ExtensibilityGlobals) = postSolution
		SolutionGuid = {324F26FA-FD3D-40B7-A80D-C764F5602F9D}
	EndGlobalSection
EndGlobal
